# This file was autogenerated by uv via the following command:
#    uv pip compile pyproject.toml --universal --no-emit-package kindo-tts -o requirements.lock
annotated-types==0.8.0
    # via pydantic
anyio==4.14.2
    # via
    #   starlette
    #   watchfiles
click==8.5.0
    # via uvicorn
colorama==0.4.6 ; sys_platform == 'win32'
    # via uvicorn
coloredlogs==15.0.1 ; sys_platform == 'linux'
    # via onnxruntime
fastapi==0.115.14
    # via kindo-tts (pyproject.toml)
flatbuffers==25.12.19 ; sys_platform == 'linux'
    # via onnxruntime
h11==0.16.0
    # via uvicorn
httptools==0.8.0
    # via uvicorn
humanfriendly==10.0 ; sys_platform == 'linux'
    # via coloredlogs
idna==3.19
    # via anyio
mpmath==1.3.0 ; sys_platform == 'linux'
    # via sympy
numpy==2.3.1
    # via
    #   kindo-tts (pyproject.toml)
    #   onnxruntime
onnxruntime==1.23.2 ; sys_platform == 'linux'
    # via kindo-tts (pyproject.toml)
packaging==26.3 ; sys_platform == 'linux'
    # via onnxruntime
protobuf==7.36.0 ; sys_platform == 'linux'
    # via onnxruntime
pydantic==2.13.5
    # via fastapi
pydantic-core==2.46.5
    # via pydantic
python-dotenv==1.2.3
    # via uvicorn
pyyaml==6.0.3
    # via uvicorn
sherpa-onnx==1.13.6
    # via kindo-tts (pyproject.toml)
starlette==0.46.2
    # via fastapi
sympy==1.14.0 ; sys_platform == 'linux'
    # via onnxruntime
typing-extensions==4.16.0
    # via
    #   anyio
    #   fastapi
    #   pydantic
    #   pydantic-core
    #   typing-inspection
typing-inspection==0.4.4
    # via pydantic
uvicorn==0.35.0
    # via kindo-tts (pyproject.toml)
uvloop==0.22.1 ; platform_python_implementation != 'PyPy' and sys_platform != 'cygwin' and sys_platform != 'win32'
    # via uvicorn
watchfiles==1.2.0
    # via uvicorn
websockets==17.1
    # via uvicorn
