# This file was autogenerated by uv via the following command:
#    uv pip compile pyproject.toml --universal --no-emit-package kindo-hub -o requirements.lock
alembic==1.16.2
    # via kindo-hub (pyproject.toml)
annotated-types==0.8.0
    # via pydantic
anyio==4.14.2
    # via
    #   httpx
    #   starlette
    #   watchfiles
argon2-cffi==25.1.0
    # via kindo-hub (pyproject.toml)
argon2-cffi-bindings==25.1.0
    # via argon2-cffi
certifi==2026.7.22
    # via
    #   httpcore
    #   httpx
cffi==2.1.1
    # via
    #   argon2-cffi-bindings
    #   cryptography
click==8.4.2
    # via uvicorn
colorama==0.4.6 ; sys_platform == 'win32'
    # via
    #   click
    #   uvicorn
cryptography==50.0.0
    # via
    #   kindo-hub (pyproject.toml)
    #   pyspnego
    #   smbprotocol
defusedxml==0.7.1
    # via kindo-hub (pyproject.toml)
fastapi==0.115.14
    # via kindo-hub (pyproject.toml)
greenlet==3.5.5 ; (python_full_version < '3.14' and platform_machine == 'AMD64') or (python_full_version < '3.14' and platform_machine == 'WIN32') or (python_full_version < '3.14' and platform_machine == 'aarch64') or (python_full_version < '3.14' and platform_machine == 'amd64') or (python_full_version < '3.14' and platform_machine == 'ppc64le') or (python_full_version < '3.14' and platform_machine == 'win32') or (python_full_version < '3.14' and platform_machine == 'x86_64')
    # via sqlalchemy
h11==0.16.0
    # via
    #   httpcore
    #   uvicorn
httpcore==1.0.9
    # via httpx
httptools==0.8.0
    # via uvicorn
httpx==0.28.1
    # via kindo-hub (pyproject.toml)
idna==3.19
    # via
    #   anyio
    #   httpx
ifaddr==0.2.0
    # via zeroconf
mako==1.4.1
    # via alembic
markupsafe==3.0.3
    # via mako
pycparser==3.0 ; implementation_name != 'PyPy'
    # via cffi
pydantic==2.11.7
    # via
    #   kindo-hub (pyproject.toml)
    #   fastapi
pydantic-core==2.33.2
    # via pydantic
pyspnego==0.12.1
    # via smbprotocol
python-dotenv==1.2.3
    # via uvicorn
python-multipart==0.0.20
    # via kindo-hub (pyproject.toml)
pyyaml==6.0.2
    # via
    #   kindo-hub (pyproject.toml)
    #   uvicorn
smbprotocol==1.17.0
    # via kindo-hub (pyproject.toml)
sqlalchemy==2.0.41
    # via
    #   kindo-hub (pyproject.toml)
    #   alembic
sspilib==0.5.0 ; sys_platform == 'win32'
    # via pyspnego
starlette==0.46.2
    # via fastapi
typing-extensions==4.16.0
    # via
    #   alembic
    #   anyio
    #   fastapi
    #   pydantic
    #   pydantic-core
    #   sqlalchemy
    #   typing-inspection
typing-inspection==0.4.4
    # via pydantic
tzdata==2025.2
    # via kindo-hub (pyproject.toml)
uvicorn==0.35.0
    # via kindo-hub (pyproject.toml)
uvloop==0.22.1 ; platform_python_implementation != 'PyPy' and sys_platform != 'cygwin' and sys_platform != 'win32'
    # via uvicorn
watchfiles==1.2.0
    # via uvicorn
websockets==17.0.1
    # via uvicorn
zeroconf==0.147.0
    # via kindo-hub (pyproject.toml)
